{
  "nodes": {
    "aquamarine": {
      "inputs": {
        "hyprutils": [
          "hyprland",
          "hyprutils"
        ],
        "hyprwayland-scanner": [
          "hyprland",
          "hyprwayland-scanner"
        ],
        "nixpkgs": [
          "hyprland",
          "nixpkgs"
        ],
        "systems": [
          "hyprland",
          "systems"
        ]
      },
      "locked": {
        "lastModified": 1744289235,
        "narHash": "sha256-ZFkHLdimtFzQACsVVyZkZlfYdj4iNy3PkzXfrwmlse8=",
        "owner": "hyprwm",
        "repo": "aquamarine",
        "rev": "c8282f4982b56dfa5e9b9f659809da93f8d37e7a",
        "type": "github"
      },
      "original": {
        "owner": "hyprwm",
        "repo": "aquamarine",
        "type": "github"
      }
    },
    "fenix": {
      "inputs": {
        "nixpkgs": [
          "fh",
          "nixpkgs"
        ],
        "rust-analyzer-src": "rust-analyzer-src"
      },
      "locked": {
        "lastModified": 1735713283,
        "narHash": "sha256-xC6X49L55xo7AV+pAYclOj5UNWtBo/xx5aB5IehJD0M=",
        "rev": "bfba822a4220b0e2c4dc7f36a35e4c8450cd9a9c",
        "revCount": 2125,
        "type": "tarball",
        "url": "https://api.flakehub.com/f/pinned/nix-community/fenix/0.1.2125%2Brev-bfba822a4220b0e2c4dc7f36a35e4c8450cd9a9c/019420f1-c64f-7176-bdf5-3f4f4fe2bac6/source.tar.gz"
      },
      "original": {
        "type": "tarball",
        "url": "https://flakehub.com/f/nix-community/fenix/0.1.1584.tar.gz"
      }
    },
    "fh": {
      "inputs": {
        "fenix": "fenix",
        "naersk": "naersk",
        "nixpkgs": "nixpkgs"
      },
      "locked": {
        "lastModified": 1740069727,
        "narHash": "sha256-yOqXcn/OMfC97t002V8yzZn1PhuV8lIp5szPA7eys1Q=",
        "rev": "ed73c2dd1d4ccc6d1588809078ebb2f38431dddc",
        "revCount": 683,
        "type": "tarball",
        "url": "https://api.flakehub.com/f/pinned/DeterminateSystems/fh/0.1.22/0195244a-b1c2-7264-b779-0e1e34d9735f/source.tar.gz"
      },
      "original": {
        "type": "tarball",
        "url": "https://flakehub.com/f/DeterminateSystems/fh/%2A.tar.gz"
      }
    },
    "flake-compat": {
      "flake": false,
      "locked": {
        "lastModified": 1696426674,
        "narHash": "sha256-kvjfFW7WAETZlt09AgDn1MrtKzP7t90Vf7vypd3OL1U=",
        "owner": "edolstra",
        "repo": "flake-compat",
        "rev": "0f9255e01c2351cc7d116c072cb317785dd33b33",
        "type": "github"
      },
      "original": {
        "owner": "edolstra",
        "repo": "flake-compat",
        "type": "github"
      }
    },
    "flake-schemas": {
      "locked": {
        "narHash": "sha256-j8SR19V1SRysyJwpOBF4TLuAvAjF5t+gMiboN4gYQDU=",
        "rev": "764932025c817d4e500a8d2a4d8c565563923d29",
        "revCount": 29,
        "type": "tarball",
        "url": "https://api.flakehub.com/f/pinned/DeterminateSystems/flake-schemas/0.1.2/018b3da8-4cc3-7fbb-8ff7-1588413c53e2/source.tar.gz"
      },
      "original": {
        "type": "tarball",
        "url": "https://flakehub.com/f/DeterminateSystems/flake-schemas/%2A.tar.gz"
      }
    },
    "flake-utils": {
      "inputs": {
        "systems": "systems"
      },
      "locked": {
        "lastModified": 1731533236,
        "narHash": "sha256-l0KFg5HjrsfsO/JpG+r7fRrqm12kzFHyUHqHCVpMMbI=",
        "owner": "numtide",
        "repo": "flake-utils",
        "rev": "11707dc2f618dd54ca8739b309ec4fc024de578b",
        "type": "github"
      },
      "original": {
        "owner": "numtide",
        "repo": "flake-utils",
        "type": "github"
      }
    },
    "gitignore": {
      "inputs": {
        "nixpkgs": [
          "hyprland",
          "pre-commit-hooks",
          "nixpkgs"
        ]
      },
      "locked": {
        "lastModified": 1709087332,
        "narHash": "sha256-HG2cCnktfHsKV0s4XW83gU3F57gaTljL9KNSuG6bnQs=",
        "owner": "hercules-ci",
        "repo": "gitignore.nix",
        "rev": "637db329424fd7e46cf4185293b9cc8c88c95394",
        "type": "github"
      },
      "original": {
        "owner": "hercules-ci",
        "repo": "gitignore.nix",
        "type": "github"
      }
    },
    "home-manager": {
      "inputs": {
        "nixpkgs": [
          "nixpkgs"
        ]
      },
      "locked": {
        "lastModified": 1745256380,
        "narHash": "sha256-hJH1S5Xy0K2J6eT22AMDIcQ07E8XYC1t7DnXUr2llEM=",
        "owner": "nix-community",
        "repo": "home-manager",
        "rev": "22b326b42bf42973d5e4fe1044591fb459e6aeac",
        "type": "github"
      },
      "original": {
        "owner": "nix-community",
        "repo": "home-manager",
        "type": "github"
      }
    },
    "hyprcursor": {
      "inputs": {
        "hyprlang": [
          "hyprland",
          "hyprlang"
        ],
        "nixpkgs": [
          "hyprland",
          "nixpkgs"
        ],
        "systems": [
          "hyprland",
          "systems"
        ]
      },
      "locked": {
        "lastModified": 1742215578,
        "narHash": "sha256-zfs71PXVVPEe56WEyNi2TJQPs0wabU4WAlq0XV7GcdE=",
        "owner": "hyprwm",
        "repo": "hyprcursor",
        "rev": "2fd36421c21aa87e2fe3bee11067540ae612f719",
        "type": "github"
      },
      "original": {
        "owner": "hyprwm",
        "repo": "hyprcursor",
        "type": "github"
      }
    },
    "hyprgraphics": {
      "inputs": {
        "hyprutils": [
          "hyprland",
          "hyprutils"
        ],
        "nixpkgs": [
          "hyprland",
          "nixpkgs"
        ],
        "systems": [
          "hyprland",
          "systems"
        ]
      },
      "locked": {
        "lastModified": 1743953322,
        "narHash": "sha256-prQ5JKopXtzCMX2eT3dXbaVvGmzjMRE2bXStQDdazpM=",
        "owner": "hyprwm",
        "repo": "hyprgraphics",
        "rev": "9d7f2687c84c729afbc3b13f7937655570f2978d",
        "type": "github"
      },
      "original": {
        "owner": "hyprwm",
        "repo": "hyprgraphics",
        "type": "github"
      }
    },
    "hyprland": {
      "inputs": {
        "aquamarine": "aquamarine",
        "hyprcursor": "hyprcursor",
        "hyprgraphics": "hyprgraphics",
        "hyprland-protocols": "hyprland-protocols",
        "hyprland-qtutils": "hyprland-qtutils",
        "hyprlang": "hyprlang",
        "hyprutils": "hyprutils",
        "hyprwayland-scanner": "hyprwayland-scanner",
        "nixpkgs": "nixpkgs_2",
        "pre-commit-hooks": "pre-commit-hooks",
        "systems": "systems_2",
        "xdph": "xdph"
      },
      "locked": {
        "lastModified": 1745261307,
        "narHash": "sha256-kBrW9n6DdV7foxrKYk/idV/HlXev+8LoFj3QmidFwFg=",
        "owner": "hyprwm",
        "repo": "Hyprland",
        "rev": "55e953b383f6b658b20ede1fea7772d2a88e7c65",
        "type": "github"
      },
      "original": {
        "owner": "hyprwm",
        "repo": "Hyprland",
        "type": "github"
      }
    },
    "hyprland-protocols": {
      "inputs": {
        "nixpkgs": [
          "hyprland",
          "nixpkgs"
        ],
        "systems": [
          "hyprland",
          "systems"
        ]
      },
      "locked": {
        "lastModified": 1743714874,
        "narHash": "sha256-yt8F7NhMFCFHUHy/lNjH/pjZyIDFNk52Q4tivQ31WFo=",
        "owner": "hyprwm",
        "repo": "hyprland-protocols",
        "rev": "3a5c2bda1c1a4e55cc1330c782547695a93f05b2",
        "type": "github"
      },
      "original": {
        "owner": "hyprwm",
        "repo": "hyprland-protocols",
        "type": "github"
      }
    },
    "hyprland-qt-support": {
      "inputs": {
        "hyprlang": [
          "hyprland",
          "hyprland-qtutils",
          "hyprlang"
        ],
        "nixpkgs": [
          "hyprland",
          "hyprland-qtutils",
          "nixpkgs"
        ],
        "systems": [
          "hyprland",
          "hyprland-qtutils",
          "systems"
        ]
      },
      "locked": {
        "lastModified": 1737634706,
        "narHash": "sha256-nGCibkfsXz7ARx5R+SnisRtMq21IQIhazp6viBU8I/A=",
        "owner": "hyprwm",
        "repo": "hyprland-qt-support",
        "rev": "8810df502cdee755993cb803eba7b23f189db795",
        "type": "github"
      },
      "original": {
        "owner": "hyprwm",
        "repo": "hyprland-qt-support",
        "type": "github"
      }
    },
    "hyprland-qtutils": {
      "inputs": {
        "hyprland-qt-support": "hyprland-qt-support",
        "hyprlang": [
          "hyprland",
          "hyprlang"
        ],
        "hyprutils": [
          "hyprland",
          "hyprland-qtutils",
          "hyprlang",
          "hyprutils"
        ],
        "nixpkgs": [
          "hyprland",
          "nixpkgs"
        ],
        "systems": [
          "hyprland",
          "systems"
        ]
      },
      "locked": {
        "lastModified": 1739048983,
        "narHash": "sha256-REhTcXq4qs3B3cCDtLlYDz0GZvmsBSh947Ub6pQWGTQ=",
        "owner": "hyprwm",
        "repo": "hyprland-qtutils",
        "rev": "3504a293c8f8db4127cb0f7cfc1a318ffb4316f8",
        "type": "github"
      },
      "original": {
        "owner": "hyprwm",
        "repo": "hyprland-qtutils",
        "type": "github"
      }
    },
    "hyprlang": {
      "inputs": {
        "hyprutils": [
          "hyprland",
          "hyprutils"
        ],
        "nixpkgs": [
          "hyprland",
          "nixpkgs"
        ],
        "systems": [
          "hyprland",
          "systems"
        ]
      },
      "locked": {
        "lastModified": 1744468525,
        "narHash": "sha256-9HySx+EtsbbKlZDlY+naqqOV679VdxP6x6fP3wxDXJk=",
        "owner": "hyprwm",
        "repo": "hyprlang",
        "rev": "f1000c54d266e6e4e9d646df0774fac5b8a652df",
        "type": "github"
      },
      "original": {
        "owner": "hyprwm",
        "repo": "hyprlang",
        "type": "github"
      }
    },
    "hyprutils": {
      "inputs": {
        "nixpkgs": [
          "hyprland",
          "nixpkgs"
        ],
        "systems": [
          "hyprland",
          "systems"
        ]
      },
      "locked": {
        "lastModified": 1743950287,
        "narHash": "sha256-/6IAEWyb8gC/NKZElxiHChkouiUOrVYNq9YqG0Pzm4Y=",
        "owner": "hyprwm",
        "repo": "hyprutils",
        "rev": "f2dc70e448b994cef627a157ee340135bd68fbc6",
        "type": "github"
      },
      "original": {
        "owner": "hyprwm",
        "repo": "hyprutils",
        "type": "github"
      }
    },
    "hyprwayland-scanner": {
      "inputs": {
        "nixpkgs": [
          "hyprland",
          "nixpkgs"
        ],
        "systems": [
          "hyprland",
          "systems"
        ]
      },
      "locked": {
        "lastModified": 1739870480,
        "narHash": "sha256-SiDN5BGxa/1hAsqhgJsS03C3t2QrLgBT8u+ENJ0Qzwc=",
        "owner": "hyprwm",
        "repo": "hyprwayland-scanner",
        "rev": "206367a08dc5ac4ba7ad31bdca391d098082e64b",
        "type": "github"
      },
      "original": {
        "owner": "hyprwm",
        "repo": "hyprwayland-scanner",
        "type": "github"
      }
    },
    "naersk": {
      "inputs": {
        "nixpkgs": [
          "fh",
          "nixpkgs"
        ]
      },
      "locked": {
        "lastModified": 1736429049,
        "narHash": "sha256-np2K6lbTOq7yugwS0IsEmy+02vxTAF62bp8APnBHsE4=",
        "rev": "5891bae1b7fbd8d3a138773fd751e7a532f914aa",
        "revCount": 352,
        "type": "tarball",
        "url": "https://api.flakehub.com/f/pinned/nix-community/naersk/0.1.352%2Brev-5891bae1b7fbd8d3a138773fd751e7a532f914aa/01944b3d-93aa-7d30-8c2b-bd5902521c73/source.tar.gz"
      },
      "original": {
        "type": "tarball",
        "url": "https://flakehub.com/f/nix-community/naersk/0.1.345.tar.gz"
      }
    },
    "nix-darwin": {
      "inputs": {
        "nixpkgs": [
          "nixpkgs"
        ]
      },
      "locked": {
        "lastModified": 1744478979,
        "narHash": "sha256-dyN+teG9G82G+m+PX/aSAagkC+vUv0SgUw3XkPhQodQ=",
        "owner": "LnL7",
        "repo": "nix-darwin",
        "rev": "43975d782b418ebf4969e9ccba82466728c2851b",
        "type": "github"
      },
      "original": {
        "owner": "LnL7",
        "repo": "nix-darwin",
        "type": "github"
      }
    },
    "nixlib": {
      "locked": {
        "lastModified": 1736643958,
        "narHash": "sha256-tmpqTSWVRJVhpvfSN9KXBvKEXplrwKnSZNAoNPf/S/s=",
        "owner": "nix-community",
        "repo": "nixpkgs.lib",
        "rev": "1418bc28a52126761c02dd3d89b2d8ca0f521181",
        "type": "github"
      },
      "original": {
        "owner": "nix-community",
        "repo": "nixpkgs.lib",
        "type": "github"
      }
    },
    "nixos-generators": {
      "inputs": {
        "nixlib": "nixlib",
        "nixpkgs": [
          "nixpkgs"
        ]
      },
      "locked": {
        "lastModified": 1742568034,
        "narHash": "sha256-QaMEhcnscfF2MqB7flZr+sLJMMYZPnvqO4NYf9B4G38=",
        "owner": "nix-community",
        "repo": "nixos-generators",
        "rev": "42ee229088490e3777ed7d1162cb9e9d8c3dbb11",
        "type": "github"
      },
      "original": {
        "owner": "nix-community",
        "repo": "nixos-generators",
        "type": "github"
      }
    },
    "nixpkgs": {
      "locked": {
        "lastModified": 1739758141,
        "narHash": "sha256-uq6A2L7o1/tR6VfmYhZWoVAwb3gTy7j4Jx30MIrH0rE=",
        "rev": "c618e28f70257593de75a7044438efc1c1fc0791",
        "revCount": 714614,
        "type": "tarball",
        "url": "https://api.flakehub.com/f/pinned/NixOS/nixpkgs/0.2411.714614%2Brev-c618e28f70257593de75a7044438efc1c1fc0791/0195155d-20df-7b25-ad70-45871483b8d2/source.tar.gz"
      },
      "original": {
        "type": "tarball",
        "url": "https://flakehub.com/f/NixOS/nixpkgs/0.2411.%2A.tar.gz"
      }
    },
    "nixpkgs_2": {
      "locked": {
        "lastModified": 1744932701,
        "narHash": "sha256-fusHbZCyv126cyArUwwKrLdCkgVAIaa/fQJYFlCEqiU=",
        "owner": "NixOS",
        "repo": "nixpkgs",
        "rev": "b024ced1aac25639f8ca8fdfc2f8c4fbd66c48ef",
        "type": "github"
      },
      "original": {
        "owner": "NixOS",
        "ref": "nixos-unstable",
        "repo": "nixpkgs",
        "type": "github"
      }
    },
    "nixpkgs_3": {
      "locked": {
        "lastModified": 1744868846,
        "narHash": "sha256-5RJTdUHDmj12Qsv7XOhuospjAjATNiTMElplWnJE9Hs=",
        "owner": "nixos",
        "repo": "nixpkgs",
        "rev": "ebe4301cbd8f81c4f8d3244b3632338bbeb6d49c",
        "type": "github"
      },
      "original": {
        "owner": "nixos",
        "ref": "nixpkgs-unstable",
        "repo": "nixpkgs",
        "type": "github"
      }
    },
    "pesterchum": {
      "inputs": {
        "flake-schemas": "flake-schemas",
        "nixpkgs": [
          "nixpkgs"
        ]
      },
      "locked": {
        "lastModified": 1699062698,
        "narHash": "sha256-ten2EKAXp9vE6vL0MmirduxJGZvTBhIVe6xDoGt0LEY=",
        "ref": "refs/heads/main",
        "rev": "bbc1d9e69ea77ceb1163bf20a3d5991397779bd9",
        "revCount": 1164,
        "type": "git",
        "url": "https://g.pyrope.net/pesterchum"
      },
      "original": {
        "type": "git",
        "url": "https://g.pyrope.net/pesterchum"
      }
    },
    "pre-commit-hooks": {
      "inputs": {
        "flake-compat": "flake-compat",
        "gitignore": "gitignore",
        "nixpkgs": [
          "hyprland",
          "nixpkgs"
        ]
      },
      "locked": {
        "lastModified": 1742649964,
        "narHash": "sha256-DwOTp7nvfi8mRfuL1escHDXabVXFGT1VlPD1JHrtrco=",
        "owner": "cachix",
        "repo": "git-hooks.nix",
        "rev": "dcf5072734cb576d2b0c59b2ac44f5050b5eac82",
        "type": "github"
      },
      "original": {
        "owner": "cachix",
        "repo": "git-hooks.nix",
        "type": "github"
      }
    },
    "root": {
      "inputs": {
        "fh": "fh",
        "flake-utils": "flake-utils",
        "home-manager": "home-manager",
        "hyprland": "hyprland",
        "nix-darwin": "nix-darwin",
        "nixos-generators": "nixos-generators",
        "nixpkgs": "nixpkgs_3",
        "pesterchum": "pesterchum"
      }
    },
    "rust-analyzer-src": {
      "flake": false,
      "locked": {
        "lastModified": 1735659655,
        "narHash": "sha256-DQgwi3pwaasWWDfNtXIX0lW5KvxQ+qVhxO1J7l68Qcc=",
        "owner": "rust-lang",
        "repo": "rust-analyzer",
        "rev": "085ad107943996c344633d58f26467b05f8e2ff0",
        "type": "github"
      },
      "original": {
        "owner": "rust-lang",
        "ref": "nightly",
        "repo": "rust-analyzer",
        "type": "github"
      }
    },
    "systems": {
      "locked": {
        "lastModified": 1681028828,
        "narHash": "sha256-Vy1rq5AaRuLzOxct8nz4T6wlgyUR7zLU309k9mBC768=",
        "owner": "nix-systems",
        "repo": "default",
        "rev": "da67096a3b9bf56a91d16901293e51ba5b49a27e",
        "type": "github"
      },
      "original": {
        "owner": "nix-systems",
        "repo": "default",
        "type": "github"
      }
    },
    "systems_2": {
      "locked": {
        "lastModified": 1689347949,
        "narHash": "sha256-12tWmuL2zgBgZkdoB6qXZsgJEH9LR3oUgpaQq2RbI80=",
        "owner": "nix-systems",
        "repo": "default-linux",
        "rev": "31732fcf5e8fea42e59c2488ad31a0e651500f68",
        "type": "github"
      },
      "original": {
        "owner": "nix-systems",
        "repo": "default-linux",
        "type": "github"
      }
    },
    "xdph": {
      "inputs": {
        "hyprland-protocols": [
          "hyprland",
          "hyprland-protocols"
        ],
        "hyprlang": [
          "hyprland",
          "hyprlang"
        ],
        "hyprutils": [
          "hyprland",
          "hyprutils"
        ],
        "hyprwayland-scanner": [
          "hyprland",
          "hyprwayland-scanner"
        ],
        "nixpkgs": [
          "hyprland",
          "nixpkgs"
        ],
        "systems": [
          "hyprland",
          "systems"
        ]
      },
      "locked": {
        "lastModified": 1744644585,
        "narHash": "sha256-p0D/e4J6Sv6GSb+9u8OQcVHSE2gPNYB5ygIfGDyEiXQ=",
        "owner": "hyprwm",
        "repo": "xdg-desktop-portal-hyprland",
        "rev": "be6771e754345f18244fb00aae5c9e5ab21ccc26",
        "type": "github"
      },
      "original": {
        "owner": "hyprwm",
        "repo": "xdg-desktop-portal-hyprland",
        "type": "github"
      }
    }
  },
  "root": "root",
  "version": 7
}
